
Microsoft Visual Studio Solution File, Format Version 12.00
# Visual Studio Version 17
VisualStudioVersion = 17.5.002.0
MinimumVisualStudioVersion = 10.0.40219.1
Project("{9A19103F-16F7-4668-BE54-9A1E7A4F7556}") = "Employee_Attendence_Management_System", "Employee_Attendence_Management_System.csproj", "{FF47600A-D5CF-48E6-8283-2B485745C010}"
EndProject
Project("{FAE04EC0-301F-11D3-BF4B-00C04F79EFBC}") = "DataAccessLayer", "..\DataAccessLayer\DataAccessLayer.csproj", "{9E2E915F-EEEC-4CC0-9CB3-5D20432E3D80}"
EndProject
Project("{FAE04EC0-301F-11D3-BF4B-00C04F79EFBC}") = "BusinessLogicLayer", "..\BusinessLogicLayer\BusinessLogicLayer.csproj", "{017EA3A6-F54E-4A1E-8018-EA71EA6E06EB}"
EndProject
Global
	GlobalSection(SolutionConfigurationPlatforms) = preSolution
		Debug|Any CPU = Debug|Any CPU
		Release|Any CPU = Release|Any CPU
	EndGlobalSection
	GlobalSection(ProjectConfigurationPlatforms) = postSolution
		{FF47600A-D5CF-48E6-8283-2B485745C010}.Debug|Any CPU.ActiveCfg = Debug|Any CPU
		{FF47600A-D5CF-48E6-8283-2B485745C010}.Debug|Any CPU.Build.0 = Debug|Any CPU
		{FF47600A-D5CF-48E6-8283-2B485745C010}.Release|Any CPU.ActiveCfg = Release|Any CPU
		{FF47600A-D5CF-48E6-8283-2B485745C010}.Release|Any CPU.Build.0 = Release|Any CPU
		{5F09BB8E-4064-485F-9348-27588B82DC6C}.Debug|Any CPU.ActiveCfg = Debug|Any CPU
		{5F09BB8E-4064-485F-9348-27588B82DC6C}.Debug|Any CPU.Build.0 = Debug|Any CPU
		{5F09BB8E-4064-485F-9348-27588B82DC6C}.Release|Any CPU.ActiveCfg = Release|Any CPU
		{5F09BB8E-4064-485F-9348-27588B82DC6C}.Release|Any CPU.Build.0 = Release|Any CPU
		{41EB2E8B-9FAC-442F-BCA6-E2A20280F6B1}.Debug|Any CPU.ActiveCfg = Debug|Any CPU
		{41EB2E8B-9FAC-442F-BCA6-E2A20280F6B1}.Debug|Any CPU.Build.0 = Debug|Any CPU
		{41EB2E8B-9FAC-442F-BCA6-E2A20280F6B1}.Release|Any CPU.ActiveCfg = Release|Any CPU
		{41EB2E8B-9FAC-442F-BCA6-E2A20280F6B1}.Release|Any CPU.Build.0 = Release|Any CPU
		{9E2E915F-EEEC-4CC0-9CB3-5D20432E3D80}.Debug|Any CPU.ActiveCfg = Debug|Any CPU
		{9E2E915F-EEEC-4CC0-9CB3-5D20432E3D80}.Debug|Any CPU.Build.0 = Debug|Any CPU
		{9E2E915F-EEEC-4CC0-9CB3-5D20432E3D80}.Release|Any CPU.ActiveCfg = Release|Any CPU
		{9E2E915F-EEEC-4CC0-9CB3-5D20432E3D80}.Release|Any CPU.Build.0 = Release|Any CPU
		{017EA3A6-F54E-4A1E-8018-EA71EA6E06EB}.Debug|Any CPU.ActiveCfg = Debug|Any CPU
		{017EA3A6-F54E-4A1E-8018-EA71EA6E06EB}.Debug|Any CPU.Build.0 = Debug|Any CPU
		{017EA3A6-F54E-4A1E-8018-EA71EA6E06EB}.Release|Any CPU.ActiveCfg = Release|Any CPU
		{017EA3A6-F54E-4A1E-8018-EA71EA6E06EB}.Release|Any CPU.Build.0 = Release|Any CPU
	EndGlobalSection
	GlobalSection(SolutionProperties) = preSolution
		HideSolutionNode = FALSE
	EndGlobalSection
	GlobalSection(ExtensibilityGlobals) = postSolution
		SolutionGuid = {1D438CDF-7A37-4501-89B5-61F69CB894C4}
	EndGlobalSection
EndGlobal
